
Microsoft Visual Studio Solution File, Format Version 12.00
# Visual Studio Version 16
VisualStudioVersion = 16.0.30907.101
MinimumVisualStudioVersion = 10.0.40219.1
Project("{FAE04EC0-301F-11D3-BF4B-00C04F79EFBC}") = "SalesWebMvc", "SalesWebMvc\SalesWebMvc.csproj", "{691C1CD0-2383-4BAE-8697-FDB6D6AD6496}"
EndProject
Global
	GlobalSection(SolutionConfigurationPlatforms) = preSolution
		Debug|Any CPU = Debug|Any CPU
		Release|Any CPU = Release|Any CPU
	EndGlobalSection
	GlobalSection(ProjectConfigurationPlatforms) = postSolution
		{691C1CD0-2383-4BAE-8697-FDB6D6AD6496}.Debug|Any CPU.ActiveCfg = Debug|Any CPU
		{691C1CD0-2383-4BAE-8697-FDB6D6AD6496}.Debug|Any CPU.Build.0 = Debug|Any CPU
		{691C1CD0-2383-4BAE-8697-FDB6D6AD6496}.Release|Any CPU.ActiveCfg = Release|Any CPU
		{691C1CD0-2383-4BAE-8697-FDB6D6AD6496}.Release|Any CPU.Build.0 = Release|Any CPU
	EndGlobalSection
	GlobalSection(SolutionProperties) = preSolution
		HideSolutionNode = FALSE
	EndGlobalSection
	GlobalSection(ExtensibilityGlobals) = postSolution
		SolutionGuid = {A8AF314C-2708-4CFC-B191-658C360004BF}
	EndGlobalSection
EndGlobal
